// !$*UTF8*$!
{
	archiveVersion = 1;
	classes = {
	};
	objectVersion = 56;
	objects = {

/* Begin PBXBuildFile section */
		1DF7791D02A90371BE6AF8FD /* Pods_pilot_ci_cd_pilot_ci_cdUITests.framework in Frameworks */ = {isa = PBXBuildFile; fileRef = F81CE02D73F9C120BA947A38 /* Pods_pilot_ci_cd_pilot_ci_cdUITests.framework */; };
		623743B0CB53AE370DF94858 /* Pods_pilot_ci_cdTests.framework in Frameworks */ = {isa = PBXBuildFile; fileRef = 85202D2F2962448D57984457 /* Pods_pilot_ci_cdTests.framework */; };
		6A9C1747875FF4D14327B118 /* Pods_pilot_ci_cd.framework in Frameworks */ = {isa = PBXBuildFile; fileRef = 20C4BF72BD5A095B0A01483C /* Pods_pilot_ci_cd.framework */; };
		F3D2A8B32AC32D10001F1B2B /* AppDelegate.swift in Sources */ = {isa = PBXBuildFile; fileRef = F3D2A8B22AC32D10001F1B2B /* AppDelegate.swift */; };
		F3D2A8B52AC32D10001F1B2B /* SceneDelegate.swift in Sources */ = {isa = PBXBuildFile; fileRef = F3D2A8B42AC32D10001F1B2B /* SceneDelegate.swift */; };
		F3D2A8B72AC32D10001F1B2B /* ViewController.swift in Sources */ = {isa = PBXBuildFile; fileRef = F3D2A8B62AC32D10001F1B2B /* ViewController.swift */; };
		F3D2A8BA2AC32D10001F1B2B /* Main.storyboard in Resources */ = {isa = PBXBuildFile; fileRef = F3D2A8B82AC32D10001F1B2B /* Main.storyboard */; };
		F3D2A8BC2AC32D13001F1B2B /* Assets.xcassets in Resources */ = {isa = PBXBuildFile; fileRef = F3D2A8BB2AC32D13001F1B2B /* Assets.xcassets */; };
		F3D2A8BF2AC32D13001F1B2B /* LaunchScreen.storyboard in Resources */ = {isa = PBXBuildFile; fileRef = F3D2A8BD2AC32D13001F1B2B /* LaunchScreen.storyboard */; };
		F3D2A8CA2AC32D13001F1B2B /* pilot_ci_cdTests.swift in Sources */ = {isa = PBXBuildFile; fileRef = F3D2A8C92AC32D13001F1B2B /* pilot_ci_cdTests.swift */; };
		F3D2A8D42AC32D14001F1B2B /* pilot_ci_cdUITests.swift in Sources */ = {isa = PBXBuildFile; fileRef = F3D2A8D32AC32D14001F1B2B /* pilot_ci_cdUITests.swift */; };
		F3D2A8D62AC32D14001F1B2B /* pilot_ci_cdUITestsLaunchTests.swift in Sources */ = {isa = PBXBuildFile; fileRef = F3D2A8D52AC32D14001F1B2B /* pilot_ci_cdUITestsLaunchTests.swift */; };
/* End PBXBuildFile section */

/* Begin PBXContainerItemProxy section */
		F3D2A8C62AC32D13001F1B2B /* PBXContainerItemProxy */ = {
			isa = PBXContainerItemProxy;
			containerPortal = F3D2A8A72AC32D10001F1B2B /* Project object */;
			proxyType = 1;
			remoteGlobalIDString = F3D2A8AE2AC32D10001F1B2B;
			remoteInfo = "pilot-ci-cd";
		};
		F3D2A8D02AC32D14001F1B2B /* PBXContainerItemProxy */ = {
			isa = PBXContainerItemProxy;
			containerPortal = F3D2A8A72AC32D10001F1B2B /* Project object */;
			proxyType = 1;
			remoteGlobalIDString = F3D2A8AE2AC32D10001F1B2B;
			remoteInfo = "pilot-ci-cd";
		};
/* End PBXContainerItemProxy section */

/* Begin PBXFileReference section */
		20C4BF72BD5A095B0A01483C /* Pods_pilot_ci_cd.framework */ = {isa = PBXFileReference; explicitFileType = wrapper.framework; includeInIndex = 0; path = Pods_pilot_ci_cd.framework; sourceTree = BUILT_PRODUCTS_DIR; };
		292EDA6DE7A8671B3E86A330 /* Pods-pilot-ci-cdTests.debug.xcconfig */ = {isa = PBXFileReference; includeInIndex = 1; lastKnownFileType = text.xcconfig; name = "Pods-pilot-ci-cdTests.debug.xcconfig"; path = "Target Support Files/Pods-pilot-ci-cdTests/Pods-pilot-ci-cdTests.debug.xcconfig"; sourceTree = "<group>"; };
		6E6D4CDA7F87A1B68E8961BC /* Pods-pilot-ci-cd-pilot-ci-cdUITests.release.xcconfig */ = {isa = PBXFileReference; includeInIndex = 1; lastKnownFileType = text.xcconfig; name = "Pods-pilot-ci-cd-pilot-ci-cdUITests.release.xcconfig"; path = "Target Support Files/Pods-pilot-ci-cd-pilot-ci-cdUITests/Pods-pilot-ci-cd-pilot-ci-cdUITests.release.xcconfig"; sourceTree = "<group>"; };
		85202D2F2962448D57984457 /* Pods_pilot_ci_cdTests.framework */ = {isa = PBXFileReference; explicitFileType = wrapper.framework; includeInIndex = 0; path = Pods_pilot_ci_cdTests.framework; sourceTree = BUILT_PRODUCTS_DIR; };
		94E749B72C830A157E4BA0C9 /* Pods-pilot-ci-cd.debug.xcconfig */ = {isa = PBXFileReference; includeInIndex = 1; lastKnownFileType = text.xcconfig; name = "Pods-pilot-ci-cd.debug.xcconfig"; path = "Target Support Files/Pods-pilot-ci-cd/Pods-pilot-ci-cd.debug.xcconfig"; sourceTree = "<group>"; };
		A271B525E039564332FB55CF /* Pods-pilot-ci-cd.release.xcconfig */ = {isa = PBXFileReference; includeInIndex = 1; lastKnownFileType = text.xcconfig; name = "Pods-pilot-ci-cd.release.xcconfig"; path = "Target Support Files/Pods-pilot-ci-cd/Pods-pilot-ci-cd.release.xcconfig"; sourceTree = "<group>"; };
		B9B927A2B786A1F4A28E5D60 /* Pods-pilot-ci-cdTests.release.xcconfig */ = {isa = PBXFileReference; includeInIndex = 1; lastKnownFileType = text.xcconfig; name = "Pods-pilot-ci-cdTests.release.xcconfig"; path = "Target Support Files/Pods-pilot-ci-cdTests/Pods-pilot-ci-cdTests.release.xcconfig"; sourceTree = "<group>"; };
		F3D2A8AF2AC32D10001F1B2B /* pilot-ci-cd.app */ = {isa = PBXFileReference; explicitFileType = wrapper.application; includeInIndex = 0; path = "pilot-ci-cd.app"; sourceTree = BUILT_PRODUCTS_DIR; };
		F3D2A8B22AC32D10001F1B2B /* AppDelegate.swift */ = {isa = PBXFileReference; lastKnownFileType = sourcecode.swift; path = AppDelegate.swift; sourceTree = "<group>"; };
		F3D2A8B42AC32D10001F1B2B /* SceneDelegate.swift */ = {isa = PBXFileReference; lastKnownFileType = sourcecode.swift; path = SceneDelegate.swift; sourceTree = "<group>"; };
		F3D2A8B62AC32D10001F1B2B /* ViewController.swift */ = {isa = PBXFileReference; lastKnownFileType = sourcecode.swift; path = ViewController.swift; sourceTree = "<group>"; };
		F3D2A8B92AC32D10001F1B2B /* Base */ = {isa = PBXFileReference; lastKnownFileType = file.storyboard; name = Base; path = Base.lproj/Main.storyboard; sourceTree = "<group>"; };
		F3D2A8BB2AC32D13001F1B2B /* Assets.xcassets */ = {isa = PBXFileReference; lastKnownFileType = folder.assetcatalog; path = Assets.xcassets; sourceTree = "<group>"; };
		F3D2A8BE2AC32D13001F1B2B /* Base */ = {isa = PBXFileReference; lastKnownFileType = file.storyboard; name = Base; path = Base.lproj/LaunchScreen.storyboard; sourceTree = "<group>"; };
		F3D2A8C02AC32D13001F1B2B /* Info.plist */ = {isa = PBXFileReference; lastKnownFileType = text.plist.xml; path = Info.plist; sourceTree = "<group>"; };
		F3D2A8C52AC32D13001F1B2B /* pilot-ci-cdTests.xctest */ = {isa = PBXFileReference; explicitFileType = wrapper.cfbundle; includeInIndex = 0; path = "pilot-ci-cdTests.xctest"; sourceTree = BUILT_PRODUCTS_DIR; };
		F3D2A8C92AC32D13001F1B2B /* pilot_ci_cdTests.swift */ = {isa = PBXFileReference; lastKnownFileType = sourcecode.swift; path = pilot_ci_cdTests.swift; sourceTree = "<group>"; };
		F3D2A8CF2AC32D14001F1B2B /* pilot-ci-cdUITests.xctest */ = {isa = PBXFileReference; explicitFileType = wrapper.cfbundle; includeInIndex = 0; path = "pilot-ci-cdUITests.xctest"; sourceTree = BUILT_PRODUCTS_DIR; };
		F3D2A8D32AC32D14001F1B2B /* pilot_ci_cdUITests.swift */ = {isa = PBXFileReference; lastKnownFileType = sourcecode.swift; path = pilot_ci_cdUITests.swift; sourceTree = "<group>"; };
		F3D2A8D52AC32D14001F1B2B /* pilot_ci_cdUITestsLaunchTests.swift */ = {isa = PBXFileReference; lastKnownFileType = sourcecode.swift; path = pilot_ci_cdUITestsLaunchTests.swift; sourceTree = "<group>"; };
		F81CE02D73F9C120BA947A38 /* Pods_pilot_ci_cd_pilot_ci_cdUITests.framework */ = {isa = PBXFileReference; explicitFileType = wrapper.framework; includeInIndex = 0; path = Pods_pilot_ci_cd_pilot_ci_cdUITests.framework; sourceTree = BUILT_PRODUCTS_DIR; };
		F9069C491570CCE39ED735B7 /* Pods-pilot-ci-cd-pilot-ci-cdUITests.debug.xcconfig */ = {isa = PBXFileReference; includeInIndex = 1; lastKnownFileType = text.xcconfig; name = "Pods-pilot-ci-cd-pilot-ci-cdUITests.debug.xcconfig"; path = "Target Support Files/Pods-pilot-ci-cd-pilot-ci-cdUITests/Pods-pilot-ci-cd-pilot-ci-cdUITests.debug.xcconfig"; sourceTree = "<group>"; };
/* End PBXFileReference section */

/* Begin PBXFrameworksBuildPhase section */
		F3D2A8AC2AC32D10001F1B2B /* Frameworks */ = {
			isa = PBXFrameworksBuildPhase;
			buildActionMask = 2147483647;
			files = (
				6A9C1747875FF4D14327B118 /* Pods_pilot_ci_cd.framework in Frameworks */,
			);
			runOnlyForDeploymentPostprocessing = 0;
		};
		F3D2A8C22AC32D13001F1B2B /* Frameworks */ = {
			isa = PBXFrameworksBuildPhase;
			buildActionMask = 2147483647;
			files = (
				623743B0CB53AE370DF94858 /* Pods_pilot_ci_cdTests.framework in Frameworks */,
			);
			runOnlyForDeploymentPostprocessing = 0;
		};
		F3D2A8CC2AC32D14001F1B2B /* Frameworks */ = {
			isa = PBXFrameworksBuildPhase;
			buildActionMask = 2147483647;
			files = (
				1DF7791D02A90371BE6AF8FD /* Pods_pilot_ci_cd_pilot_ci_cdUITests.framework in Frameworks */,
			);
			runOnlyForDeploymentPostprocessing = 0;
		};
/* End PBXFrameworksBuildPhase section */

/* Begin PBXGroup section */
		3C69715904AC5A76759254C8 /* Frameworks */ = {
			isa = PBXGroup;
			children = (
				20C4BF72BD5A095B0A01483C /* Pods_pilot_ci_cd.framework */,
				F81CE02D73F9C120BA947A38 /* Pods_pilot_ci_cd_pilot_ci_cdUITests.framework */,
				85202D2F2962448D57984457 /* Pods_pilot_ci_cdTests.framework */,
			);
			name = Frameworks;
			sourceTree = "<group>";
		};
		CDC7453C67AB01FC3B93B2CE /* Pods */ = {
			isa = PBXGroup;
			children = (
				94E749B72C830A157E4BA0C9 /* Pods-pilot-ci-cd.debug.xcconfig */,
				A271B525E039564332FB55CF /* Pods-pilot-ci-cd.release.xcconfig */,
				F9069C491570CCE39ED735B7 /* Pods-pilot-ci-cd-pilot-ci-cdUITests.debug.xcconfig */,
				6E6D4CDA7F87A1B68E8961BC /* Pods-pilot-ci-cd-pilot-ci-cdUITests.release.xcconfig */,
				292EDA6DE7A8671B3E86A330 /* Pods-pilot-ci-cdTests.debug.xcconfig */,
				B9B927A2B786A1F4A28E5D60 /* Pods-pilot-ci-cdTests.release.xcconfig */,
			);
			path = Pods;
			sourceTree = "<group>";
		};
		F3D2A8A62AC32D10001F1B2B = {
			isa = PBXGroup;
			children = (
				F3D2A8B12AC32D10001F1B2B /* pilot-ci-cd */,
				F3D2A8C82AC32D13001F1B2B /* pilot-ci-cdTests */,
				F3D2A8D22AC32D14001F1B2B /* pilot-ci-cdUITests */,
				F3D2A8B02AC32D10001F1B2B /* Products */,
				CDC7453C67AB01FC3B93B2CE /* Pods */,
				3C69715904AC5A76759254C8 /* Frameworks */,
			);
			sourceTree = "<group>";
		};
		F3D2A8B02AC32D10001F1B2B /* Products */ = {
			isa = PBXGroup;
			children = (
				F3D2A8AF2AC32D10001F1B2B /* pilot-ci-cd.app */,
				F3D2A8C52AC32D13001F1B2B /* pilot-ci-cdTests.xctest */,
				F3D2A8CF2AC32D14001F1B2B /* pilot-ci-cdUITests.xctest */,
			);
			name = Products;
			sourceTree = "<group>";
		};
		F3D2A8B12AC32D10001F1B2B /* pilot-ci-cd */ = {
			isa = PBXGroup;
			children = (
				F3D2A8B22AC32D10001F1B2B /* AppDelegate.swift */,
				F3D2A8B42AC32D10001F1B2B /* SceneDelegate.swift */,
				F3D2A8B62AC32D10001F1B2B /* ViewController.swift */,
				F3D2A8B82AC32D10001F1B2B /* Main.storyboard */,
				F3D2A8BB2AC32D13001F1B2B /* Assets.xcassets */,
				F3D2A8BD2AC32D13001F1B2B /* LaunchScreen.storyboard */,
				F3D2A8C02AC32D13001F1B2B /* Info.plist */,
			);
			path = "pilot-ci-cd";
			sourceTree = "<group>";
		};
		F3D2A8C82AC32D13001F1B2B /* pilot-ci-cdTests */ = {
			isa = PBXGroup;
			children = (
				F3D2A8C92AC32D13001F1B2B /* pilot_ci_cdTests.swift */,
			);
			path = "pilot-ci-cdTests";
			sourceTree = "<group>";
		};
		F3D2A8D22AC32D14001F1B2B /* pilot-ci-cdUITests */ = {
			isa = PBXGroup;
			children = (
				F3D2A8D32AC32D14001F1B2B /* pilot_ci_cdUITests.swift */,
				F3D2A8D52AC32D14001F1B2B /* pilot_ci_cdUITestsLaunchTests.swift */,
			);
			path = "pilot-ci-cdUITests";
			sourceTree = "<group>";
		};
/* End PBXGroup section */

/* Begin PBXNativeTarget section */
		F3D2A8AE2AC32D10001F1B2B /* pilot-ci-cd */ = {
			isa = PBXNativeTarget;
			buildConfigurationList = F3D2A8D92AC32D14001F1B2B /* Build configuration list for PBXNativeTarget "pilot-ci-cd" */;
			buildPhases = (
				800ABEFE949C1EBB2CEF0302 /* [CP] Check Pods Manifest.lock */,
				F3D2A8AB2AC32D10001F1B2B /* Sources */,
				F3D2A8AC2AC32D10001F1B2B /* Frameworks */,
				F3D2A8AD2AC32D10001F1B2B /* Resources */,
			);
			buildRules = (
			);
			dependencies = (
			);
			name = "pilot-ci-cd";
			productName = "pilot-ci-cd";
			productReference = F3D2A8AF2AC32D10001F1B2B /* pilot-ci-cd.app */;
			productType = "com.apple.product-type.application";
		};
		F3D2A8C42AC32D13001F1B2B /* pilot-ci-cdTests */ = {
			isa = PBXNativeTarget;
			buildConfigurationList = F3D2A8DC2AC32D14001F1B2B /* Build configuration list for PBXNativeTarget "pilot-ci-cdTests" */;
			buildPhases = (
				0AEA6AB57310F699820AD3E9 /* [CP] Check Pods Manifest.lock */,
				F3D2A8C12AC32D13001F1B2B /* Sources */,
				F3D2A8C22AC32D13001F1B2B /* Frameworks */,
				F3D2A8C32AC32D13001F1B2B /* Resources */,
			);
			buildRules = (
			);
			dependencies = (
				F3D2A8C72AC32D13001F1B2B /* PBXTargetDependency */,
			);
			name = "pilot-ci-cdTests";
			productName = "pilot-ci-cdTests";
			productReference = F3D2A8C52AC32D13001F1B2B /* pilot-ci-cdTests.xctest */;
			productType = "com.apple.product-type.bundle.unit-test";
		};
		F3D2A8CE2AC32D14001F1B2B /* pilot-ci-cdUITests */ = {
			isa = PBXNativeTarget;
			buildConfigurationList = F3D2A8DF2AC32D14001F1B2B /* Build configuration list for PBXNativeTarget "pilot-ci-cdUITests" */;
			buildPhases = (
				975D69F4D82ABF992D197337 /* [CP] Check Pods Manifest.lock */,
				F3D2A8CB2AC32D14001F1B2B /* Sources */,
				F3D2A8CC2AC32D14001F1B2B /* Frameworks */,
				F3D2A8CD2AC32D14001F1B2B /* Resources */,
			);
			buildRules = (
			);
			dependencies = (
				F3D2A8D12AC32D14001F1B2B /* PBXTargetDependency */,
			);
			name = "pilot-ci-cdUITests";
			productName = "pilot-ci-cdUITests";
			productReference = F3D2A8CF2AC32D14001F1B2B /* pilot-ci-cdUITests.xctest */;
			productType = "com.apple.product-type.bundle.ui-testing";
		};
/* End PBXNativeTarget section */

/* Begin PBXProject section */
		F3D2A8A72AC32D10001F1B2B /* Project object */ = {
			isa = PBXProject;
			attributes = {
				BuildIndependentTargetsInParallel = 1;
				LastSwiftUpdateCheck = 1430;
				LastUpgradeCheck = 1430;
				TargetAttributes = {
					F3D2A8AE2AC32D10001F1B2B = {
						CreatedOnToolsVersion = 14.3;
					};
					F3D2A8C42AC32D13001F1B2B = {
						CreatedOnToolsVersion = 14.3;
						TestTargetID = F3D2A8AE2AC32D10001F1B2B;
					};
					F3D2A8CE2AC32D14001F1B2B = {
						CreatedOnToolsVersion = 14.3;
						TestTargetID = F3D2A8AE2AC32D10001F1B2B;
					};
				};
			};
			buildConfigurationList = F3D2A8AA2AC32D10001F1B2B /* Build configuration list for PBXProject "pilot-ci-cd" */;
			compatibilityVersion = "Xcode 14.0";
			developmentRegion = en;
			hasScannedForEncodings = 0;
			knownRegions = (
				en,
				Base,
			);
			mainGroup = F3D2A8A62AC32D10001F1B2B;
			productRefGroup = F3D2A8B02AC32D10001F1B2B /* Products */;
			projectDirPath = "";
			projectRoot = "";
			targets = (
				F3D2A8AE2AC32D10001F1B2B /* pilot-ci-cd */,
				F3D2A8C42AC32D13001F1B2B /* pilot-ci-cdTests */,
				F3D2A8CE2AC32D14001F1B2B /* pilot-ci-cdUITests */,
			);
		};
/* End PBXProject section */

/* Begin PBXResourcesBuildPhase section */
		F3D2A8AD2AC32D10001F1B2B /* Resources */ = {
			isa = PBXResourcesBuildPhase;
			buildActionMask = 2147483647;
			files = (
				F3D2A8BF2AC32D13001F1B2B /* LaunchScreen.storyboard in Resources */,
				F3D2A8BC2AC32D13001F1B2B /* Assets.xcassets in Resources */,
				F3D2A8BA2AC32D10001F1B2B /* Main.storyboard in Resources */,
			);
			runOnlyForDeploymentPostprocessing = 0;
		};
		F3D2A8C32AC32D13001F1B2B /* Resources */ = {
			isa = PBXResourcesBuildPhase;
			buildActionMask = 2147483647;
			files = (
			);
			runOnlyForDeploymentPostprocessing = 0;
		};
		F3D2A8CD2AC32D14001F1B2B /* Resources */ = {
			isa = PBXResourcesBuildPhase;
			buildActionMask = 2147483647;
			files = (
			);
			runOnlyForDeploymentPostprocessing = 0;
		};
/* End PBXResourcesBuildPhase section */

/* Begin PBXShellScriptBuildPhase section */
		0AEA6AB57310F699820AD3E9 /* [CP] Check Pods Manifest.lock */ = {
			isa = PBXShellScriptBuildPhase;
			buildActionMask = 2147483647;
			files = (
			);
			inputFileListPaths = (
			);
			inputPaths = (
				"${PODS_PODFILE_DIR_PATH}/Podfile.lock",
				"${PODS_ROOT}/Manifest.lock",
			);
			name = "[CP] Check Pods Manifest.lock";
			outputFileListPaths = (
			);
			outputPaths = (
				"$(DERIVED_FILE_DIR)/Pods-pilot-ci-cdTests-checkManifestLockResult.txt",
			);
			runOnlyForDeploymentPostprocessing = 0;
			shellPath = /bin/sh;
			shellScript = "diff \"${PODS_PODFILE_DIR_PATH}/Podfile.lock\" \"${PODS_ROOT}/Manifest.lock\" > /dev/null\nif [ $? != 0 ] ; then\n    # print error to STDERR\n    echo \"error: The sandbox is not in sync with the Podfile.lock. Run 'pod install' or update your CocoaPods installation.\" >&2\n    exit 1\nfi\n# This output is used by Xcode 'outputs' to avoid re-running this script phase.\necho \"SUCCESS\" > \"${SCRIPT_OUTPUT_FILE_0}\"\n";
			showEnvVarsInLog = 0;
		};
		800ABEFE949C1EBB2CEF0302 /* [CP] Check Pods Manifest.lock */ = {
			isa = PBXShellScriptBuildPhase;
			buildActionMask = 2147483647;
			files = (
			);
			inputFileListPaths = (
			);
			inputPaths = (
				"${PODS_PODFILE_DIR_PATH}/Podfile.lock",
				"${PODS_ROOT}/Manifest.lock",
			);
			name = "[CP] Check Pods Manifest.lock";
			outputFileListPaths = (
			);
			outputPaths = (
				"$(DERIVED_FILE_DIR)/Pods-pilot-ci-cd-checkManifestLockResult.txt",
			);
			runOnlyForDeploymentPostprocessing = 0;
			shellPath = /bin/sh;
			shellScript = "diff \"${PODS_PODFILE_DIR_PATH}/Podfile.lock\" \"${PODS_ROOT}/Manifest.lock\" > /dev/null\nif [ $? != 0 ] ; then\n    # print error to STDERR\n    echo \"error: The sandbox is not in sync with the Podfile.lock. Run 'pod install' or update your CocoaPods installation.\" >&2\n    exit 1\nfi\n# This output is used by Xcode 'outputs' to avoid re-running this script phase.\necho \"SUCCESS\" > \"${SCRIPT_OUTPUT_FILE_0}\"\n";
			showEnvVarsInLog = 0;
		};
		975D69F4D82ABF992D197337 /* [CP] Check Pods Manifest.lock */ = {
			isa = PBXShellScriptBuildPhase;
			buildActionMask = 2147483647;
			files = (
			);
			inputFileListPaths = (
			);
			inputPaths = (
				"${PODS_PODFILE_DIR_PATH}/Podfile.lock",
				"${PODS_ROOT}/Manifest.lock",
			);
			name = "[CP] Check Pods Manifest.lock";
			outputFileListPaths = (
			);
			outputPaths = (
				"$(DERIVED_FILE_DIR)/Pods-pilot-ci-cd-pilot-ci-cdUITests-checkManifestLockResult.txt",
			);
			runOnlyForDeploymentPostprocessing = 0;
			shellPath = /bin/sh;
			shellScript = "diff \"${PODS_PODFILE_DIR_PATH}/Podfile.lock\" \"${PODS_ROOT}/Manifest.lock\" > /dev/null\nif [ $? != 0 ] ; then\n    # print error to STDERR\n    echo \"error: The sandbox is not in sync with the Podfile.lock. Run 'pod install' or update your CocoaPods installation.\" >&2\n    exit 1\nfi\n# This output is used by Xcode 'outputs' to avoid re-running this script phase.\necho \"SUCCESS\" > \"${SCRIPT_OUTPUT_FILE_0}\"\n";
			showEnvVarsInLog = 0;
		};
/* End PBXShellScriptBuildPhase section */

/* Begin PBXSourcesBuildPhase section */
		F3D2A8AB2AC32D10001F1B2B /* Sources */ = {
			isa = PBXSourcesBuildPhase;
			buildActionMask = 2147483647;
			files = (
				F3D2A8B72AC32D10001F1B2B /* ViewController.swift in Sources */,
				F3D2A8B32AC32D10001F1B2B /* AppDelegate.swift in Sources */,
				F3D2A8B52AC32D10001F1B2B /* SceneDelegate.swift in Sources */,
			);
			runOnlyForDeploymentPostprocessing = 0;
		};
		F3D2A8C12AC32D13001F1B2B /* Sources */ = {
			isa = PBXSourcesBuildPhase;
			buildActionMask = 2147483647;
			files = (
				F3D2A8CA2AC32D13001F1B2B /* pilot_ci_cdTests.swift in Sources */,
			);
			runOnlyForDeploymentPostprocessing = 0;
		};
		F3D2A8CB2AC32D14001F1B2B /* Sources */ = {
			isa = PBXSourcesBuildPhase;
			buildActionMask = 2147483647;
			files = (
				F3D2A8D62AC32D14001F1B2B /* pilot_ci_cdUITestsLaunchTests.swift in Sources */,
				F3D2A8D42AC32D14001F1B2B /* pilot_ci_cdUITests.swift in Sources */,
			);
			runOnlyForDeploymentPostprocessing = 0;
		};
/* End PBXSourcesBuildPhase section */

/* Begin PBXTargetDependency section */
		F3D2A8C72AC32D13001F1B2B /* PBXTargetDependency */ = {
			isa = PBXTargetDependency;
			target = F3D2A8AE2AC32D10001F1B2B /* pilot-ci-cd */;
			targetProxy = F3D2A8C62AC32D13001F1B2B /* PBXContainerItemProxy */;
		};
		F3D2A8D12AC32D14001F1B2B /* PBXTargetDependency */ = {
			isa = PBXTargetDependency;
			target = F3D2A8AE2AC32D10001F1B2B /* pilot-ci-cd */;
			targetProxy = F3D2A8D02AC32D14001F1B2B /* PBXContainerItemProxy */;
		};
/* End PBXTargetDependency section */

/* Begin PBXVariantGroup section */
		F3D2A8B82AC32D10001F1B2B /* Main.storyboard */ = {
			isa = PBXVariantGroup;
			children = (
				F3D2A8B92AC32D10001F1B2B /* Base */,
			);
			name = Main.storyboard;
			sourceTree = "<group>";
		};
		F3D2A8BD2AC32D13001F1B2B /* LaunchScreen.storyboard */ = {
			isa = PBXVariantGroup;
			children = (
				F3D2A8BE2AC32D13001F1B2B /* Base */,
			);
			name = LaunchScreen.storyboard;
			sourceTree = "<group>";
		};
/* End PBXVariantGroup section */

/* Begin XCBuildConfiguration section */
		F3D2A8D72AC32D14001F1B2B /* Debug */ = {
			isa = XCBuildConfiguration;
			buildSettings = {
				ALWAYS_SEARCH_USER_PATHS = NO;
				CLANG_ANALYZER_NONNULL = YES;
				CLANG_ANALYZER_NUMBER_OBJECT_CONVERSION = YES_AGGRESSIVE;
				CLANG_CXX_LANGUAGE_STANDARD = "gnu++20";
				CLANG_ENABLE_MODULES = YES;
				CLANG_ENABLE_OBJC_ARC = YES;
				CLANG_ENABLE_OBJC_WEAK = YES;
				CLANG_WARN_BLOCK_CAPTURE_AUTORELEASING = YES;
				CLANG_WARN_BOOL_CONVERSION = YES;
				CLANG_WARN_COMMA = YES;
				CLANG_WARN_CONSTANT_CONVERSION = YES;
				CLANG_WARN_DEPRECATED_OBJC_IMPLEMENTATIONS = YES;
				CLANG_WARN_DIRECT_OBJC_ISA_USAGE = YES_ERROR;
				CLANG_WARN_DOCUMENTATION_COMMENTS = YES;
				CLANG_WARN_EMPTY_BODY = YES;
				CLANG_WARN_ENUM_CONVERSION = YES;
				CLANG_WARN_INFINITE_RECURSION = YES;
				CLANG_WARN_INT_CONVERSION = YES;
				CLANG_WARN_NON_LITERAL_NULL_CONVERSION = YES;
				CLANG_WARN_OBJC_IMPLICIT_RETAIN_SELF = YES;
				CLANG_WARN_OBJC_LITERAL_CONVERSION = YES;
				CLANG_WARN_OBJC_ROOT_CLASS = YES_ERROR;
				CLANG_WARN_QUOTED_INCLUDE_IN_FRAMEWORK_HEADER = YES;
				CLANG_WARN_RANGE_LOOP_ANALYSIS = YES;
				CLANG_WARN_STRICT_PROTOTYPES = YES;
				CLANG_WARN_SUSPICIOUS_MOVE = YES;
				CLANG_WARN_UNGUARDED_AVAILABILITY = YES_AGGRESSIVE;
				CLANG_WARN_UNREACHABLE_CODE = YES;
				CLANG_WARN__DUPLICATE_METHOD_MATCH = YES;
				COPY_PHASE_STRIP = NO;
				DEBUG_INFORMATION_FORMAT = dwarf;
				ENABLE_STRICT_OBJC_MSGSEND = YES;
				ENABLE_TESTABILITY = YES;
				GCC_C_LANGUAGE_STANDARD = gnu11;
				GCC_DYNAMIC_NO_PIC = NO;
				GCC_NO_COMMON_BLOCKS = YES;
				GCC_OPTIMIZATION_LEVEL = 0;
				GCC_PREPROCESSOR_DEFINITIONS = (
					"DEBUG=1",
					"$(inherited)",
				);
				GCC_WARN_64_TO_32_BIT_CONVERSION = YES;
				GCC_WARN_ABOUT_RETURN_TYPE = YES_ERROR;
				GCC_WARN_UNDECLARED_SELECTOR = YES;
				GCC_WARN_UNINITIALIZED_AUTOS = YES_AGGRESSIVE;
				GCC_WARN_UNUSED_FUNCTION = YES;
				GCC_WARN_UNUSED_VARIABLE = YES;
				IPHONEOS_DEPLOYMENT_TARGET = 16.4;
				MTL_ENABLE_DEBUG_INFO = INCLUDE_SOURCE;
				MTL_FAST_MATH = YES;
				ONLY_ACTIVE_ARCH = YES;
				SDKROOT = iphoneos;
				SWIFT_ACTIVE_COMPILATION_CONDITIONS = DEBUG;
				SWIFT_OPTIMIZATION_LEVEL = "-Onone";
			};
			name = Debug;
		};
		F3D2A8D82AC32D14001F1B2B /* Release */ = {
			isa = XCBuildConfiguration;
			buildSettings = {
				ALWAYS_SEARCH_USER_PATHS = NO;
				CLANG_ANALYZER_NONNULL = YES;
				CLANG_ANALYZER_NUMBER_OBJECT_CONVERSION = YES_AGGRESSIVE;
				CLANG_CXX_LANGUAGE_STANDARD = "gnu++20";
				CLANG_ENABLE_MODULES = YES;
				CLANG_ENABLE_OBJC_ARC = YES;
				CLANG_ENABLE_OBJC_WEAK = YES;
				CLANG_WARN_BLOCK_CAPTURE_AUTORELEASING = YES;
				CLANG_WARN_BOOL_CONVERSION = YES;
				CLANG_WARN_COMMA = YES;
				CLANG_WARN_CONSTANT_CONVERSION = YES;
				CLANG_WARN_DEPRECATED_OBJC_IMPLEMENTATIONS = YES;
				CLANG_WARN_DIRECT_OBJC_ISA_USAGE = YES_ERROR;
				CLANG_WARN_DOCUMENTATION_COMMENTS = YES;
				CLANG_WARN_EMPTY_BODY = YES;
				CLANG_WARN_ENUM_CONVERSION = YES;
				CLANG_WARN_INFINITE_RECURSION = YES;
				CLANG_WARN_INT_CONVERSION = YES;
				CLANG_WARN_NON_LITERAL_NULL_CONVERSION = YES;
				CLANG_WARN_OBJC_IMPLICIT_RETAIN_SELF = YES;
				CLANG_WARN_OBJC_LITERAL_CONVERSION = YES;
				CLANG_WARN_OBJC_ROOT_CLASS = YES_ERROR;
				CLANG_WARN_QUOTED_INCLUDE_IN_FRAMEWORK_HEADER = YES;
				CLANG_WARN_RANGE_LOOP_ANALYSIS = YES;
				CLANG_WARN_STRICT_PROTOTYPES = YES;
				CLANG_WARN_SUSPICIOUS_MOVE = YES;
				CLANG_WARN_UNGUARDED_AVAILABILITY = YES_AGGRESSIVE;
				CLANG_WARN_UNREACHABLE_CODE = YES;
				CLANG_WARN__DUPLICATE_METHOD_MATCH = YES;
				COPY_PHASE_STRIP = NO;
				DEBUG_INFORMATION_FORMAT = "dwarf-with-dsym";
				ENABLE_NS_ASSERTIONS = NO;
				ENABLE_STRICT_OBJC_MSGSEND = YES;
				GCC_C_LANGUAGE_STANDARD = gnu11;
				GCC_NO_COMMON_BLOCKS = YES;
				GCC_WARN_64_TO_32_BIT_CONVERSION = YES;
				GCC_WARN_ABOUT_RETURN_TYPE = YES_ERROR;
				GCC_WARN_UNDECLARED_SELECTOR = YES;
				GCC_WARN_UNINITIALIZED_AUTOS = YES_AGGRESSIVE;
				GCC_WARN_UNUSED_FUNCTION = YES;
				GCC_WARN_UNUSED_VARIABLE = YES;
				IPHONEOS_DEPLOYMENT_TARGET = 16.4;
				MTL_ENABLE_DEBUG_INFO = NO;
				MTL_FAST_MATH = YES;
				SDKROOT = iphoneos;
				SWIFT_COMPILATION_MODE = wholemodule;
				SWIFT_OPTIMIZATION_LEVEL = "-O";
				VALIDATE_PRODUCT = YES;
			};
			name = Release;
		};
		F3D2A8DA2AC32D14001F1B2B /* Debug */ = {
			isa = XCBuildConfiguration;
			baseConfigurationReference = 94E749B72C830A157E4BA0C9 /* Pods-pilot-ci-cd.debug.xcconfig */;
			buildSettings = {
				ASSETCATALOG_COMPILER_APPICON_NAME = AppIcon;
				ASSETCATALOG_COMPILER_GLOBAL_ACCENT_COLOR_NAME = AccentColor;
				CODE_SIGN_STYLE = Automatic;
				CURRENT_PROJECT_VERSION = 1;
				DEBUG_INFORMATION_FORMAT = "dwarf-with-dsym";
				DEVELOPMENT_TEAM = 466F6KQATY;
				GENERATE_INFOPLIST_FILE = YES;
				INFOPLIST_FILE = "pilot-ci-cd/Info.plist";
				INFOPLIST_KEY_UIApplicationSupportsIndirectInputEvents = YES;
				INFOPLIST_KEY_UILaunchStoryboardName = LaunchScreen;
				INFOPLIST_KEY_UIMainStoryboardFile = Main;
				INFOPLIST_KEY_UISupportedInterfaceOrientations_iPad = "UIInterfaceOrientationPortrait UIInterfaceOrientationPortraitUpsideDown UIInterfaceOrientationLandscapeLeft UIInterfaceOrientationLandscapeRight";
				INFOPLIST_KEY_UISupportedInterfaceOrientations_iPhone = "UIInterfaceOrientationPortrait UIInterfaceOrientationLandscapeLeft UIInterfaceOrientationLandscapeRight";
				LD_RUNPATH_SEARCH_PATHS = (
					"$(inherited)",
					"@executable_path/Frameworks",
				);
				MARKETING_VERSION = 1.0;
				PRODUCT_BUNDLE_IDENTIFIER = "com.ankurshahi.pilot-ci-cd";
				PRODUCT_NAME = "$(TARGET_NAME)";
				SWIFT_EMIT_LOC_STRINGS = YES;
				SWIFT_VERSION = 5.0;
				TARGETED_DEVICE_FAMILY = "1,2";
			};
			name = Debug;
		};
		F3D2A8DB2AC32D14001F1B2B /* Release */ = {
			isa = XCBuildConfiguration;
			baseConfigurationReference = A271B525E039564332FB55CF /* Pods-pilot-ci-cd.release.xcconfig */;
			buildSettings = {
				ASSETCATALOG_COMPILER_APPICON_NAME = AppIcon;
				ASSETCATALOG_COMPILER_GLOBAL_ACCENT_COLOR_NAME = AccentColor;
				CODE_SIGN_STYLE = Automatic;
				CURRENT_PROJECT_VERSION = 1;
				DEVELOPMENT_TEAM = 466F6KQATY;
				GENERATE_INFOPLIST_FILE = YES;
				INFOPLIST_FILE = "pilot-ci-cd/Info.plist";
				INFOPLIST_KEY_UIApplicationSupportsIndirectInputEvents = YES;
				INFOPLIST_KEY_UILaunchStoryboardName = LaunchScreen;
				INFOPLIST_KEY_UIMainStoryboardFile = Main;
				INFOPLIST_KEY_UISupportedInterfaceOrientations_iPad = "UIInterfaceOrientationPortrait UIInterfaceOrientationPortraitUpsideDown UIInterfaceOrientationLandscapeLeft UIInterfaceOrientationLandscapeRight";
				INFOPLIST_KEY_UISupportedInterfaceOrientations_iPhone = "UIInterfaceOrientationPortrait UIInterfaceOrientationLandscapeLeft UIInterfaceOrientationLandscapeRight";
				LD_RUNPATH_SEARCH_PATHS = (
					"$(inherited)",
					"@executable_path/Frameworks",
				);
				MARKETING_VERSION = 1.0;
				PRODUCT_BUNDLE_IDENTIFIER = "com.ankurshahi.pilot-ci-cd";
				PRODUCT_NAME = "$(TARGET_NAME)";
				SWIFT_EMIT_LOC_STRINGS = YES;
				SWIFT_VERSION = 5.0;
				TARGETED_DEVICE_FAMILY = "1,2";
			};
			name = Release;
		};
		F3D2A8DD2AC32D14001F1B2B /* Debug */ = {
			isa = XCBuildConfiguration;
			baseConfigurationReference = 292EDA6DE7A8671B3E86A330 /* Pods-pilot-ci-cdTests.debug.xcconfig */;
			buildSettings = {
				ALWAYS_EMBED_SWIFT_STANDARD_LIBRARIES = YES;
				BUNDLE_LOADER = "$(TEST_HOST)";
				CODE_SIGN_STYLE = Automatic;
				CURRENT_PROJECT_VERSION = 1;
				DEVELOPMENT_TEAM = 466F6KQATY;
				GENERATE_INFOPLIST_FILE = YES;
				IPHONEOS_DEPLOYMENT_TARGET = 16.4;
				MARKETING_VERSION = 1.0;
				PRODUCT_BUNDLE_IDENTIFIER = "com.ankurshahi.pilot-ci-cdTests";
				PRODUCT_NAME = "$(TARGET_NAME)";
				SWIFT_EMIT_LOC_STRINGS = NO;
				SWIFT_VERSION = 5.0;
				TARGETED_DEVICE_FAMILY = "1,2";
				TEST_HOST = "$(BUILT_PRODUCTS_DIR)/pilot-ci-cd.app/$(BUNDLE_EXECUTABLE_FOLDER_PATH)/pilot-ci-cd";
			};
			name = Debug;
		};
		F3D2A8DE2AC32D14001F1B2B /* Release */ = {
			isa = XCBuildConfiguration;
			baseConfigurationReference = B9B927A2B786A1F4A28E5D60 /* Pods-pilot-ci-cdTests.release.xcconfig */;
			buildSettings = {
				ALWAYS_EMBED_SWIFT_STANDARD_LIBRARIES = YES;
				BUNDLE_LOADER = "$(TEST_HOST)";
				CODE_SIGN_STYLE = Automatic;
				CURRENT_PROJECT_VERSION = 1;
				DEVELOPMENT_TEAM = 466F6KQATY;
				GENERATE_INFOPLIST_FILE = YES;
				IPHONEOS_DEPLOYMENT_TARGET = 16.4;
				MARKETING_VERSION = 1.0;
				PRODUCT_BUNDLE_IDENTIFIER = "com.ankurshahi.pilot-ci-cdTests";
				PRODUCT_NAME = "$(TARGET_NAME)";
				SWIFT_EMIT_LOC_STRINGS = NO;
				SWIFT_VERSION = 5.0;
				TARGETED_DEVICE_FAMILY = "1,2";
				TEST_HOST = "$(BUILT_PRODUCTS_DIR)/pilot-ci-cd.app/$(BUNDLE_EXECUTABLE_FOLDER_PATH)/pilot-ci-cd";
			};
			name = Release;
		};
		F3D2A8E02AC32D14001F1B2B /* Debug */ = {
			isa = XCBuildConfiguration;
			baseConfigurationReference = F9069C491570CCE39ED735B7 /* Pods-pilot-ci-cd-pilot-ci-cdUITests.debug.xcconfig */;
			buildSettings = {
				ALWAYS_EMBED_SWIFT_STANDARD_LIBRARIES = YES;
				CODE_SIGN_STYLE = Automatic;
				CURRENT_PROJECT_VERSION = 1;
				DEVELOPMENT_TEAM = 466F6KQATY;
				GENERATE_INFOPLIST_FILE = YES;
				MARKETING_VERSION = 1.0;
				PRODUCT_BUNDLE_IDENTIFIER = "com.ankurshahi.pilot-ci-cdUITests";
				PRODUCT_NAME = "$(TARGET_NAME)";
				SWIFT_EMIT_LOC_STRINGS = NO;
				SWIFT_VERSION = 5.0;
				TARGETED_DEVICE_FAMILY = "1,2";
				TEST_TARGET_NAME = "pilot-ci-cd";
			};
			name = Debug;
		};
		F3D2A8E12AC32D14001F1B2B /* Release */ = {
			isa = XCBuildConfiguration;
			baseConfigurationReference = 6E6D4CDA7F87A1B68E8961BC /* Pods-pilot-ci-cd-pilot-ci-cdUITests.release.xcconfig */;
			buildSettings = {
				ALWAYS_EMBED_SWIFT_STANDARD_LIBRARIES = YES;
				CODE_SIGN_STYLE = Automatic;
				CURRENT_PROJECT_VERSION = 1;
				DEVELOPMENT_TEAM = 466F6KQATY;
				GENERATE_INFOPLIST_FILE = YES;
				MARKETING_VERSION = 1.0;
				PRODUCT_BUNDLE_IDENTIFIER = "com.ankurshahi.pilot-ci-cdUITests";
				PRODUCT_NAME = "$(TARGET_NAME)";
				SWIFT_EMIT_LOC_STRINGS = NO;
				SWIFT_VERSION = 5.0;
				TARGETED_DEVICE_FAMILY = "1,2";
				TEST_TARGET_NAME = "pilot-ci-cd";
			};
			name = Release;
		};
/* End XCBuildConfiguration section */

/* Begin XCConfigurationList section */
		F3D2A8AA2AC32D10001F1B2B /* Build configuration list for PBXProject "pilot-ci-cd" */ = {
			isa = XCConfigurationList;
			buildConfigurations = (
				F3D2A8D72AC32D14001F1B2B /* Debug */,
				F3D2A8D82AC32D14001F1B2B /* Release */,
			);
			defaultConfigurationIsVisible = 0;
			defaultConfigurationName = Release;
		};
		F3D2A8D92AC32D14001F1B2B /* Build configuration list for PBXNativeTarget "pilot-ci-cd" */ = {
			isa = XCConfigurationList;
			buildConfigurations = (
				F3D2A8DA2AC32D14001F1B2B /* Debug */,
				F3D2A8DB2AC32D14001F1B2B /* Release */,
			);
			defaultConfigurationIsVisible = 0;
			defaultConfigurationName = Release;
		};
		F3D2A8DC2AC32D14001F1B2B /* Build configuration list for PBXNativeTarget "pilot-ci-cdTests" */ = {
			isa = XCConfigurationList;
			buildConfigurations = (
				F3D2A8DD2AC32D14001F1B2B /* Debug */,
				F3D2A8DE2AC32D14001F1B2B /* Release */,
			);
			defaultConfigurationIsVisible = 0;
			defaultConfigurationName = Release;
		};
		F3D2A8DF2AC32D14001F1B2B /* Build configuration list for PBXNativeTarget "pilot-ci-cdUITests" */ = {
			isa = XCConfigurationList;
			buildConfigurations = (
				F3D2A8E02AC32D14001F1B2B /* Debug */,
				F3D2A8E12AC32D14001F1B2B /* Release */,
			);
			defaultConfigurationIsVisible = 0;
			defaultConfigurationName = Release;
		};
/* End XCConfigurationList section */
	};
	rootObject = F3D2A8A72AC32D10001F1B2B /* Project object */;
}
